
Microsoft Visual Studio Solution File, Format Version 12.00
# Visual Studio Version 17
VisualStudioVersion = 17.6.33620.401
MinimumVisualStudioVersion = 10.0.40219.1
Project("{9A19103F-16F7-4668-BE54-9A1E7A4F7556}") = "ImXiaoXin.Library", "ImXiaoXin.Library\ImXiaoXin.Library.csproj", "{069C25CB-9C44-45CA-BE3D-506EBA0CBD0C}"
EndProject
Project("{9A19103F-16F7-4668-BE54-9A1E7A4F7556}") = "ImXiaoXin.Site", "ImXiaoXin.Site\ImXiaoXin.Site.csproj", "{1E869EF2-0D40-4445-944D-A0110D835F60}"
EndProject
Project("{E53339B2-1760-4266-BCC7-CA923CBCF16C}") = "docker-compose", "docker-compose.dcproj", "{F3C050A9-FB0C-41E8-A1E5-FCAE5C03690E}"
EndProject
Global
	GlobalSection(SolutionConfigurationPlatforms) = preSolution
		Debug|Any CPU = Debug|Any CPU
		Release|Any CPU = Release|Any CPU
	EndGlobalSection
	GlobalSection(ProjectConfigurationPlatforms) = postSolution
		{069C25CB-9C44-45CA-BE3D-506EBA0CBD0C}.Debug|Any CPU.ActiveCfg = Debug|Any CPU
		{069C25CB-9C44-45CA-BE3D-506EBA0CBD0C}.Debug|Any CPU.Build.0 = Debug|Any CPU
		{069C25CB-9C44-45CA-BE3D-506EBA0CBD0C}.Release|Any CPU.ActiveCfg = Release|Any CPU
		{069C25CB-9C44-45CA-BE3D-506EBA0CBD0C}.Release|Any CPU.Build.0 = Release|Any CPU
		{1E869EF2-0D40-4445-944D-A0110D835F60}.Debug|Any CPU.ActiveCfg = Debug|Any CPU
		{1E869EF2-0D40-4445-944D-A0110D835F60}.Debug|Any CPU.Build.0 = Debug|Any CPU
		{1E869EF2-0D40-4445-944D-A0110D835F60}.Release|Any CPU.ActiveCfg = Release|Any CPU
		{1E869EF2-0D40-4445-944D-A0110D835F60}.Release|Any CPU.Build.0 = Release|Any CPU
		{F3C050A9-FB0C-41E8-A1E5-FCAE5C03690E}.Debug|Any CPU.ActiveCfg = Debug|Any CPU
		{F3C050A9-FB0C-41E8-A1E5-FCAE5C03690E}.Debug|Any CPU.Build.0 = Debug|Any CPU
		{F3C050A9-FB0C-41E8-A1E5-FCAE5C03690E}.Release|Any CPU.ActiveCfg = Release|Any CPU
		{F3C050A9-FB0C-41E8-A1E5-FCAE5C03690E}.Release|Any CPU.Build.0 = Release|Any CPU
	EndGlobalSection
	GlobalSection(SolutionProperties) = preSolution
		HideSolutionNode = FALSE
	EndGlobalSection
	GlobalSection(ExtensibilityGlobals) = postSolution
		SolutionGuid = {E9BDCD96-5AAE-4337-9886-2A92CF875647}
	EndGlobalSection
EndGlobal
